
Microsoft Visual Studio Solution File, Format Version 12.00
# Visual Studio Version 18
VisualStudioVersion = 18.3.11222.16 d18.3
MinimumVisualStudioVersion = 10.0.40219.1
Project("{2150E333-8FDC-42A3-9474-1A3956D46DE8}") = "src", "src", "{A5C70EBC-B949-44A6-AF02-31459BBF2B00}"
EndProject
Project("{FAE04EC0-301F-11D3-BF4B-00C04F79EFBC}") = "NuGet.Next", "src\NuGet.Next\NuGet.Next.csproj", "{C6DF82CD-035F-494F-BA44-0C3D20685229}"
EndProject
Project("{FAE04EC0-301F-11D3-BF4B-00C04F79EFBC}") = "NuGet.Next.Sqlite", "src\NuGet.Next.Sqlite\NuGet.Next.Sqlite.csproj", "{71A558F8-F898-4406-92AB-797F629F2939}"
EndProject
Project("{FAE04EC0-301F-11D3-BF4B-00C04F79EFBC}") = "NuGet.Next.Core", "src\NuGet.Next.Core\NuGet.Next.Core.csproj", "{679466D2-4111-4471-B420-2F6E1F253E1F}"
EndProject
Project("{2150E333-8FDC-42A3-9474-1A3956D46DE8}") = "Solution Items", "Solution Items", "{DCED25E9-0FB0-4997-9B07-EEC454BE6281}"
	ProjectSection(SolutionItems) = preProject
		build.bat = build.bat
		Directory.Build.props = Directory.Build.props
		Directory.Packages.props = Directory.Packages.props
		docker-compose.yml = docker-compose.yml
		README.md = README.md
	EndProjectSection
EndProject
Project("{FAE04EC0-301F-11D3-BF4B-00C04F79EFBC}") = "NuGet.Next.Protocol", "src\NuGet.Next.Protocol\NuGet.Next.Protocol.csproj", "{4117C818-8287-489F-B873-9A9CFB450A2A}"
EndProject
Project("{FAE04EC0-301F-11D3-BF4B-00C04F79EFBC}") = "NuGet.Next.Gcp", "src\NuGet.Next.Gcp\NuGet.Next.Gcp.csproj", "{34964A85-2871-404B-9677-B09FD59FD51F}"
EndProject
Project("{FAE04EC0-301F-11D3-BF4B-00C04F79EFBC}") = "NuGet.Next.PostgreSql", "src\NuGet.Next.PostgreSql\NuGet.Next.PostgreSql.csproj", "{93EE10C0-527D-4E70-8BE1-BD18D9FD2C3B}"
EndProject
Project("{FAE04EC0-301F-11D3-BF4B-00C04F79EFBC}") = "NuGet.Next.SqlServer", "src\NuGet.Next.SqlServer\NuGet.Next.SqlServer.csproj", "{116D8439-2EFF-49A2-9390-C2B5D436A983}"
EndProject
Project("{FAE04EC0-301F-11D3-BF4B-00C04F79EFBC}") = "NuGet.Next.MySql", "src\NuGet.Next.MySql\NuGet.Next.MySql.csproj", "{2D48E10C-CFE5-4E90-B793-7E34AB43DD98}"
EndProject
Project("{FAE04EC0-301F-11D3-BF4B-00C04F79EFBC}") = "NuGet.Next.DM", "src\NuGet.Next.DM\NuGet.Next.DM.csproj", "{9C568C2B-118D-4744-A7A1-AEB5FA5CC71C}"
EndProject
Global
	GlobalSection(SolutionConfigurationPlatforms) = preSolution
		Debug|Any CPU = Debug|Any CPU
		Release|Any CPU = Release|Any CPU
	EndGlobalSection
	GlobalSection(ProjectConfigurationPlatforms) = postSolution
		{C6DF82CD-035F-494F-BA44-0C3D20685229}.Debug|Any CPU.ActiveCfg = Debug|Any CPU
		{C6DF82CD-035F-494F-BA44-0C3D20685229}.Debug|Any CPU.Build.0 = Debug|Any CPU
		{C6DF82CD-035F-494F-BA44-0C3D20685229}.Release|Any CPU.ActiveCfg = Release|Any CPU
		{C6DF82CD-035F-494F-BA44-0C3D20685229}.Release|Any CPU.Build.0 = Release|Any CPU
		{71A558F8-F898-4406-92AB-797F629F2939}.Debug|Any CPU.ActiveCfg = Debug|Any CPU
		{71A558F8-F898-4406-92AB-797F629F2939}.Debug|Any CPU.Build.0 = Debug|Any CPU
		{71A558F8-F898-4406-92AB-797F629F2939}.Release|Any CPU.ActiveCfg = Release|Any CPU
		{71A558F8-F898-4406-92AB-797F629F2939}.Release|Any CPU.Build.0 = Release|Any CPU
		{679466D2-4111-4471-B420-2F6E1F253E1F}.Debug|Any CPU.ActiveCfg = Debug|Any CPU
		{679466D2-4111-4471-B420-2F6E1F253E1F}.Debug|Any CPU.Build.0 = Debug|Any CPU
		{679466D2-4111-4471-B420-2F6E1F253E1F}.Release|Any CPU.ActiveCfg = Release|Any CPU
		{679466D2-4111-4471-B420-2F6E1F253E1F}.Release|Any CPU.Build.0 = Release|Any CPU
		{4117C818-8287-489F-B873-9A9CFB450A2A}.Debug|Any CPU.ActiveCfg = Debug|Any CPU
		{4117C818-8287-489F-B873-9A9CFB450A2A}.Debug|Any CPU.Build.0 = Debug|Any CPU
		{4117C818-8287-489F-B873-9A9CFB450A2A}.Release|Any CPU.ActiveCfg = Release|Any CPU
		{4117C818-8287-489F-B873-9A9CFB450A2A}.Release|Any CPU.Build.0 = Release|Any CPU
		{34964A85-2871-404B-9677-B09FD59FD51F}.Debug|Any CPU.ActiveCfg = Debug|Any CPU
		{34964A85-2871-404B-9677-B09FD59FD51F}.Debug|Any CPU.Build.0 = Debug|Any CPU
		{34964A85-2871-404B-9677-B09FD59FD51F}.Release|Any CPU.ActiveCfg = Release|Any CPU
		{34964A85-2871-404B-9677-B09FD59FD51F}.Release|Any CPU.Build.0 = Release|Any CPU
		{93EE10C0-527D-4E70-8BE1-BD18D9FD2C3B}.Debug|Any CPU.ActiveCfg = Debug|Any CPU
		{93EE10C0-527D-4E70-8BE1-BD18D9FD2C3B}.Debug|Any CPU.Build.0 = Debug|Any CPU
		{93EE10C0-527D-4E70-8BE1-BD18D9FD2C3B}.Release|Any CPU.ActiveCfg = Release|Any CPU
		{93EE10C0-527D-4E70-8BE1-BD18D9FD2C3B}.Release|Any CPU.Build.0 = Release|Any CPU
		{116D8439-2EFF-49A2-9390-C2B5D436A983}.Debug|Any CPU.ActiveCfg = Debug|Any CPU
		{116D8439-2EFF-49A2-9390-C2B5D436A983}.Debug|Any CPU.Build.0 = Debug|Any CPU
		{116D8439-2EFF-49A2-9390-C2B5D436A983}.Release|Any CPU.ActiveCfg = Release|Any CPU
		{116D8439-2EFF-49A2-9390-C2B5D436A983}.Release|Any CPU.Build.0 = Release|Any CPU
		{2D48E10C-CFE5-4E90-B793-7E34AB43DD98}.Debug|Any CPU.ActiveCfg = Debug|Any CPU
		{2D48E10C-CFE5-4E90-B793-7E34AB43DD98}.Debug|Any CPU.Build.0 = Debug|Any CPU
		{2D48E10C-CFE5-4E90-B793-7E34AB43DD98}.Release|Any CPU.ActiveCfg = Release|Any CPU
		{2D48E10C-CFE5-4E90-B793-7E34AB43DD98}.Release|Any CPU.Build.0 = Release|Any CPU
		{9C568C2B-118D-4744-A7A1-AEB5FA5CC71C}.Debug|Any CPU.ActiveCfg = Debug|Any CPU
		{9C568C2B-118D-4744-A7A1-AEB5FA5CC71C}.Debug|Any CPU.Build.0 = Debug|Any CPU
		{9C568C2B-118D-4744-A7A1-AEB5FA5CC71C}.Release|Any CPU.ActiveCfg = Release|Any CPU
		{9C568C2B-118D-4744-A7A1-AEB5FA5CC71C}.Release|Any CPU.Build.0 = Release|Any CPU
	EndGlobalSection
	GlobalSection(SolutionProperties) = preSolution
		HideSolutionNode = FALSE
	EndGlobalSection
	GlobalSection(NestedProjects) = preSolution
		{C6DF82CD-035F-494F-BA44-0C3D20685229} = {A5C70EBC-B949-44A6-AF02-31459BBF2B00}
		{71A558F8-F898-4406-92AB-797F629F2939} = {A5C70EBC-B949-44A6-AF02-31459BBF2B00}
		{679466D2-4111-4471-B420-2F6E1F253E1F} = {A5C70EBC-B949-44A6-AF02-31459BBF2B00}
		{4117C818-8287-489F-B873-9A9CFB450A2A} = {A5C70EBC-B949-44A6-AF02-31459BBF2B00}
		{34964A85-2871-404B-9677-B09FD59FD51F} = {A5C70EBC-B949-44A6-AF02-31459BBF2B00}
		{93EE10C0-527D-4E70-8BE1-BD18D9FD2C3B} = {A5C70EBC-B949-44A6-AF02-31459BBF2B00}
		{116D8439-2EFF-49A2-9390-C2B5D436A983} = {A5C70EBC-B949-44A6-AF02-31459BBF2B00}
		{2D48E10C-CFE5-4E90-B793-7E34AB43DD98} = {A5C70EBC-B949-44A6-AF02-31459BBF2B00}
		{9C568C2B-118D-4744-A7A1-AEB5FA5CC71C} = {A5C70EBC-B949-44A6-AF02-31459BBF2B00}
	EndGlobalSection
	GlobalSection(ExtensibilityGlobals) = postSolution
		SolutionGuid = {631F1279-D2BC-4212-B9C2-70B10E422A43}
	EndGlobalSection
EndGlobal
